
Microsoft Visual Studio Solution File, Format Version 12.00
# Visual Studio 14
VisualStudioVersion = 14.0.25123.0
MinimumVisualStudioVersion = 10.0.40219.1
Project("{FAE04EC0-301F-11D3-BF4B-00C04F79EFBC}") = "BLibrary.Web", "BLibrary.Web\BLibrary.Web.csproj", "{CBF67E62-6E2A-45B0-8C8C-1952EB31C331}"
EndProject
Project("{FAE04EC0-301F-11D3-BF4B-00C04F79EFBC}") = "BLibrary.Web.Tests", "BLibrary.Web.Tests\BLibrary.Web.Tests.csproj", "{A9371241-E95A-41FF-8014-89340335A8AC}"
EndProject
Project("{FAE04EC0-301F-11D3-BF4B-00C04F79EFBC}") = "BLibrary.Entity", "BLibrary.Entity\BLibrary.Entity.csproj", "{EDD7E645-BC9B-455D-A95A-6B68914BC0A2}"
EndProject
Project("{FAE04EC0-301F-11D3-BF4B-00C04F79EFBC}") = "BLibrary.Utility", "BLibrary.Utility\BLibrary.Utility.csproj", "{F91BCE87-68A4-4B15-8F94-F16E7713F9A2}"
EndProject
Project("{FAE04EC0-301F-11D3-BF4B-00C04F79EFBC}") = "BLibrary.Repository", "BLibrary.Repository\BLibrary.Repository.csproj", "{8F1005E5-5382-4AC5-A904-3D8965A499E5}"
EndProject
Global
	GlobalSection(SolutionConfigurationPlatforms) = preSolution
		Debug|Any CPU = Debug|Any CPU
		Release|Any CPU = Release|Any CPU
	EndGlobalSection
	GlobalSection(ProjectConfigurationPlatforms) = postSolution
		{CBF67E62-6E2A-45B0-8C8C-1952EB31C331}.Debug|Any CPU.ActiveCfg = Debug|Any CPU
		{CBF67E62-6E2A-45B0-8C8C-1952EB31C331}.Debug|Any CPU.Build.0 = Debug|Any CPU
		{CBF67E62-6E2A-45B0-8C8C-1952EB31C331}.Release|Any CPU.ActiveCfg = Release|Any CPU
		{CBF67E62-6E2A-45B0-8C8C-1952EB31C331}.Release|Any CPU.Build.0 = Release|Any CPU
		{A9371241-E95A-41FF-8014-89340335A8AC}.Debug|Any CPU.ActiveCfg = Debug|Any CPU
		{A9371241-E95A-41FF-8014-89340335A8AC}.Debug|Any CPU.Build.0 = Debug|Any CPU
		{A9371241-E95A-41FF-8014-89340335A8AC}.Release|Any CPU.ActiveCfg = Release|Any CPU
		{A9371241-E95A-41FF-8014-89340335A8AC}.Release|Any CPU.Build.0 = Release|Any CPU
		{EDD7E645-BC9B-455D-A95A-6B68914BC0A2}.Debug|Any CPU.ActiveCfg = Debug|Any CPU
		{EDD7E645-BC9B-455D-A95A-6B68914BC0A2}.Debug|Any CPU.Build.0 = Debug|Any CPU
		{EDD7E645-BC9B-455D-A95A-6B68914BC0A2}.Release|Any CPU.ActiveCfg = Release|Any CPU
		{EDD7E645-BC9B-455D-A95A-6B68914BC0A2}.Release|Any CPU.Build.0 = Release|Any CPU
		{F91BCE87-68A4-4B15-8F94-F16E7713F9A2}.Debug|Any CPU.ActiveCfg = Debug|Any CPU
		{F91BCE87-68A4-4B15-8F94-F16E7713F9A2}.Debug|Any CPU.Build.0 = Debug|Any CPU
		{F91BCE87-68A4-4B15-8F94-F16E7713F9A2}.Release|Any CPU.ActiveCfg = Release|Any CPU
		{F91BCE87-68A4-4B15-8F94-F16E7713F9A2}.Release|Any CPU.Build.0 = Release|Any CPU
		{8F1005E5-5382-4AC5-A904-3D8965A499E5}.Debug|Any CPU.ActiveCfg = Debug|Any CPU
		{8F1005E5-5382-4AC5-A904-3D8965A499E5}.Debug|Any CPU.Build.0 = Debug|Any CPU
		{8F1005E5-5382-4AC5-A904-3D8965A499E5}.Release|Any CPU.ActiveCfg = Release|Any CPU
		{8F1005E5-5382-4AC5-A904-3D8965A499E5}.Release|Any CPU.Build.0 = Release|Any CPU
	EndGlobalSection
	GlobalSection(SolutionProperties) = preSolution
		HideSolutionNode = FALSE
	EndGlobalSection
EndGlobal
